
Microsoft Visual Studio Solution File, Format Version 12.00
# Visual Studio Version 17
VisualStudioVersion = 17.0.32014.148
MinimumVisualStudioVersion = 10.0.40219.1
Project("{9A19103F-16F7-4668-BE54-9A1E7A4F7556}") = "MPD_Manjineanu_Mihai", "MPD_Manjieanu_Mihai\MPD_Manjineanu_Mihai.csproj", "{2653E943-DE95-4A25-9B41-F89795F36651}"
EndProject
Global
	GlobalSection(SolutionConfigurationPlatforms) = preSolution
		Debug|Any CPU = Debug|Any CPU
		Release|Any CPU = Release|Any CPU
	EndGlobalSection
	GlobalSection(ProjectConfigurationPlatforms) = postSolution
		{2653E943-DE95-4A25-9B41-F89795F36651}.Debug|Any CPU.ActiveCfg = Debug|Any CPU
		{2653E943-DE95-4A25-9B41-F89795F36651}.Debug|Any CPU.Build.0 = Debug|Any CPU
		{2653E943-DE95-4A25-9B41-F89795F36651}.Release|Any CPU.ActiveCfg = Release|Any CPU
		{2653E943-DE95-4A25-9B41-F89795F36651}.Release|Any CPU.Build.0 = Release|Any CPU
	EndGlobalSection
	GlobalSection(SolutionProperties) = preSolution
		HideSolutionNode = FALSE
	EndGlobalSection
	GlobalSection(ExtensibilityGlobals) = postSolution
		SolutionGuid = {7309D11E-E8C4-443A-AD0C-0F2D4425B485}
	EndGlobalSection
EndGlobal
